
Microsoft Visual Studio Solution File, Format Version 12.00
# Visual Studio Version 17
VisualStudioVersion = 17.4.33110.190
MinimumVisualStudioVersion = 10.0.40219.1
Project("{FAE04EC0-301F-11D3-BF4B-00C04F79EFBC}") = "BlackJack", "BlackJack\BlackJack.csproj", "{DAA444A2-B0C6-4E25-B896-F6C82D2F4867}"
EndProject
Global
	GlobalSection(SolutionConfigurationPlatforms) = preSolution
		Debug|Any CPU = Debug|Any CPU
		Release|Any CPU = Release|Any CPU
	EndGlobalSection
	GlobalSection(ProjectConfigurationPlatforms) = postSolution
		{DAA444A2-B0C6-4E25-B896-F6C82D2F4867}.Debug|Any CPU.ActiveCfg = Debug|Any CPU
		{DAA444A2-B0C6-4E25-B896-F6C82D2F4867}.Debug|Any CPU.Build.0 = Debug|Any CPU
		{DAA444A2-B0C6-4E25-B896-F6C82D2F4867}.Release|Any CPU.ActiveCfg = Release|Any CPU
		{DAA444A2-B0C6-4E25-B896-F6C82D2F4867}.Release|Any CPU.Build.0 = Release|Any CPU
	EndGlobalSection
	GlobalSection(SolutionProperties) = preSolution
		HideSolutionNode = FALSE
	EndGlobalSection
	GlobalSection(ExtensibilityGlobals) = postSolution
		SolutionGuid = {37CCBF8E-9693-4A72-8610-A08E89D5A1B7}
	EndGlobalSection
EndGlobal
